
Microsoft Visual Studio Solution File, Format Version 12.00
# Visual Studio Version 16
VisualStudioVersion = 16.0.30320.27
MinimumVisualStudioVersion = 10.0.40219.1
Project("{FAE04EC0-301F-11D3-BF4B-00C04F79EFBC}") = "FitBuddy.DataAccess", "FitBuddy.DataAccess\FitBuddy.DataAccess.csproj", "{3A137CE8-AD5C-49EA-9015-239EDFB4270B}"
EndProject
Project("{FAE04EC0-301F-11D3-BF4B-00C04F79EFBC}") = "FitBuddy.Entidades", "FitBuddy.Entidades\FitBuddy.Entidades.csproj", "{96AAB3BC-CD44-4A9E-9847-7F16480A774D}"
EndProject
Project("{FAE04EC0-301F-11D3-BF4B-00C04F79EFBC}") = "FitBuddy.Business", "FitBuddy.Business\FitBuddy.Business.csproj", "{EE2BB302-6125-4327-AF75-7AEFEED8C058}"
EndProject
Project("{FAE04EC0-301F-11D3-BF4B-00C04F79EFBC}") = "FitBuddy.WinForms.UI", "FitBuddy.WinForms.UI\FitBuddy.WinForms.UI.csproj", "{5CD29A6A-30BE-4EBC-A937-A813FD050ECD}"
EndProject
Project("{9A19103F-16F7-4668-BE54-9A1E7A4F7556}") = "Bitacora", "Bitacora\Bitacora.csproj", "{DA778C24-2F10-457A-AEED-9BBDC03C70B4}"
EndProject
Project("{FAE04EC0-301F-11D3-BF4B-00C04F79EFBC}") = "FitBuddy.Test", "FitBuddy.Test\FitBuddy.Test.csproj", "{28276512-35FD-453E-9D46-6F1F271DCD01}"
EndProject
Project("{FAE04EC0-301F-11D3-BF4B-00C04F79EFBC}") = "Seguridad", "Seguridad\Seguridad.csproj", "{F6D53E2F-0779-4611-8CE7-E667A15B8D86}"
EndProject
Project("{2150E333-8FDC-42A3-9474-1A3956D46DE8}") = "01 UI", "01 UI", "{29F7004B-04E1-4B9B-AA4A-DF1E66138BD7}"
EndProject
Project("{2150E333-8FDC-42A3-9474-1A3956D46DE8}") = "02 BLL", "02 BLL", "{247CE286-7E99-472D-BEBA-95DAA83D1E38}"
EndProject
Project("{2150E333-8FDC-42A3-9474-1A3956D46DE8}") = "03 DAL", "03 DAL", "{5314FA70-8CDC-442F-A02E-7D700921C91A}"
EndProject
Project("{2150E333-8FDC-42A3-9474-1A3956D46DE8}") = "05 Common", "05 Common", "{E481F966-1626-4CD7-A032-34DC0D111EF5}"
EndProject
Project("{2150E333-8FDC-42A3-9474-1A3956D46DE8}") = "05 Test", "05 Test", "{C4689A9F-6C9E-4C53-9181-5C0B925CA9BF}"
EndProject
Project("{2150E333-8FDC-42A3-9474-1A3956D46DE8}") = "00 Core", "00 Core", "{0747DBA4-90BA-47EB-AC2B-46A5D19CA046}"
EndProject
Global
	GlobalSection(SolutionConfigurationPlatforms) = preSolution
		Debug|Any CPU = Debug|Any CPU
		Release|Any CPU = Release|Any CPU
	EndGlobalSection
	GlobalSection(ProjectConfigurationPlatforms) = postSolution
		{3A137CE8-AD5C-49EA-9015-239EDFB4270B}.Debug|Any CPU.ActiveCfg = Debug|Any CPU
		{3A137CE8-AD5C-49EA-9015-239EDFB4270B}.Debug|Any CPU.Build.0 = Debug|Any CPU
		{3A137CE8-AD5C-49EA-9015-239EDFB4270B}.Release|Any CPU.ActiveCfg = Release|Any CPU
		{3A137CE8-AD5C-49EA-9015-239EDFB4270B}.Release|Any CPU.Build.0 = Release|Any CPU
		{96AAB3BC-CD44-4A9E-9847-7F16480A774D}.Debug|Any CPU.ActiveCfg = Debug|Any CPU
		{96AAB3BC-CD44-4A9E-9847-7F16480A774D}.Debug|Any CPU.Build.0 = Debug|Any CPU
		{96AAB3BC-CD44-4A9E-9847-7F16480A774D}.Release|Any CPU.ActiveCfg = Release|Any CPU
		{96AAB3BC-CD44-4A9E-9847-7F16480A774D}.Release|Any CPU.Build.0 = Release|Any CPU
		{EE2BB302-6125-4327-AF75-7AEFEED8C058}.Debug|Any CPU.ActiveCfg = Debug|Any CPU
		{EE2BB302-6125-4327-AF75-7AEFEED8C058}.Debug|Any CPU.Build.0 = Debug|Any CPU
		{EE2BB302-6125-4327-AF75-7AEFEED8C058}.Release|Any CPU.ActiveCfg = Release|Any CPU
		{EE2BB302-6125-4327-AF75-7AEFEED8C058}.Release|Any CPU.Build.0 = Release|Any CPU
		{5CD29A6A-30BE-4EBC-A937-A813FD050ECD}.Debug|Any CPU.ActiveCfg = Debug|Any CPU
		{5CD29A6A-30BE-4EBC-A937-A813FD050ECD}.Debug|Any CPU.Build.0 = Debug|Any CPU
		{5CD29A6A-30BE-4EBC-A937-A813FD050ECD}.Release|Any CPU.ActiveCfg = Release|Any CPU
		{5CD29A6A-30BE-4EBC-A937-A813FD050ECD}.Release|Any CPU.Build.0 = Release|Any CPU
		{DA778C24-2F10-457A-AEED-9BBDC03C70B4}.Debug|Any CPU.ActiveCfg = Debug|Any CPU
		{DA778C24-2F10-457A-AEED-9BBDC03C70B4}.Debug|Any CPU.Build.0 = Debug|Any CPU
		{DA778C24-2F10-457A-AEED-9BBDC03C70B4}.Release|Any CPU.ActiveCfg = Release|Any CPU
		{DA778C24-2F10-457A-AEED-9BBDC03C70B4}.Release|Any CPU.Build.0 = Release|Any CPU
		{28276512-35FD-453E-9D46-6F1F271DCD01}.Debug|Any CPU.ActiveCfg = Debug|Any CPU
		{28276512-35FD-453E-9D46-6F1F271DCD01}.Debug|Any CPU.Build.0 = Debug|Any CPU
		{28276512-35FD-453E-9D46-6F1F271DCD01}.Release|Any CPU.ActiveCfg = Release|Any CPU
		{28276512-35FD-453E-9D46-6F1F271DCD01}.Release|Any CPU.Build.0 = Release|Any CPU
		{F6D53E2F-0779-4611-8CE7-E667A15B8D86}.Debug|Any CPU.ActiveCfg = Debug|Any CPU
		{F6D53E2F-0779-4611-8CE7-E667A15B8D86}.Debug|Any CPU.Build.0 = Debug|Any CPU
		{F6D53E2F-0779-4611-8CE7-E667A15B8D86}.Release|Any CPU.ActiveCfg = Release|Any CPU
		{F6D53E2F-0779-4611-8CE7-E667A15B8D86}.Release|Any CPU.Build.0 = Release|Any CPU
	EndGlobalSection
	GlobalSection(SolutionProperties) = preSolution
		HideSolutionNode = FALSE
	EndGlobalSection
	GlobalSection(NestedProjects) = preSolution
		{3A137CE8-AD5C-49EA-9015-239EDFB4270B} = {5314FA70-8CDC-442F-A02E-7D700921C91A}
		{96AAB3BC-CD44-4A9E-9847-7F16480A774D} = {0747DBA4-90BA-47EB-AC2B-46A5D19CA046}
		{EE2BB302-6125-4327-AF75-7AEFEED8C058} = {247CE286-7E99-472D-BEBA-95DAA83D1E38}
		{5CD29A6A-30BE-4EBC-A937-A813FD050ECD} = {29F7004B-04E1-4B9B-AA4A-DF1E66138BD7}
		{DA778C24-2F10-457A-AEED-9BBDC03C70B4} = {E481F966-1626-4CD7-A032-34DC0D111EF5}
		{28276512-35FD-453E-9D46-6F1F271DCD01} = {C4689A9F-6C9E-4C53-9181-5C0B925CA9BF}
		{F6D53E2F-0779-4611-8CE7-E667A15B8D86} = {E481F966-1626-4CD7-A032-34DC0D111EF5}
	EndGlobalSection
	GlobalSection(ExtensibilityGlobals) = postSolution
		SolutionGuid = {F72A6F36-DB23-4EE2-932F-92E57AE1460A}
	EndGlobalSection
EndGlobal
